
Microsoft Visual Studio Solution File, Format Version 12.00
# Visual Studio Version 17
VisualStudioVersion = 17.4.33213.308
MinimumVisualStudioVersion = 10.0.40219.1
Project("{FAE04EC0-301F-11D3-BF4B-00C04F79EFBC}") = "Lokaverkefni", "Lokaverkefni\Lokaverkefni.csproj", "{D0BA6F30-96FE-48C9-A595-F3CCC66820FD}"
EndProject
Global
	GlobalSection(SolutionConfigurationPlatforms) = preSolution
		Debug|Any CPU = Debug|Any CPU
		Release|Any CPU = Release|Any CPU
	EndGlobalSection
	GlobalSection(ProjectConfigurationPlatforms) = postSolution
		{D0BA6F30-96FE-48C9-A595-F3CCC66820FD}.Debug|Any CPU.ActiveCfg = Debug|Any CPU
		{D0BA6F30-96FE-48C9-A595-F3CCC66820FD}.Debug|Any CPU.Build.0 = Debug|Any CPU
		{D0BA6F30-96FE-48C9-A595-F3CCC66820FD}.Release|Any CPU.ActiveCfg = Release|Any CPU
		{D0BA6F30-96FE-48C9-A595-F3CCC66820FD}.Release|Any CPU.Build.0 = Release|Any CPU
	EndGlobalSection
	GlobalSection(SolutionProperties) = preSolution
		HideSolutionNode = FALSE
	EndGlobalSection
	GlobalSection(ExtensibilityGlobals) = postSolution
		SolutionGuid = {78B32565-E249-4D6C-8485-66F4B83D4794}
	EndGlobalSection
EndGlobal
